
Microsoft Visual Studio Solution File, Format Version 12.00
# Visual Studio Version 17
VisualStudioVersion = 17.6.33829.357
MinimumVisualStudioVersion = 10.0.40219.1
Project("{FAE04EC0-301F-11D3-BF4B-00C04F79EFBC}") = "Lineas", "Lineas.csproj", "{6F8CB856-6395-4C9D-8157-3DC3CFBB8DBC}"
EndProject
Global
	GlobalSection(SolutionConfigurationPlatforms) = preSolution
		Debug|Any CPU = Debug|Any CPU
		Release|Any CPU = Release|Any CPU
	EndGlobalSection
	GlobalSection(ProjectConfigurationPlatforms) = postSolution
		{6F8CB856-6395-4C9D-8157-3DC3CFBB8DBC}.Debug|Any CPU.ActiveCfg = Debug|Any CPU
		{6F8CB856-6395-4C9D-8157-3DC3CFBB8DBC}.Debug|Any CPU.Build.0 = Debug|Any CPU
		{6F8CB856-6395-4C9D-8157-3DC3CFBB8DBC}.Release|Any CPU.ActiveCfg = Release|Any CPU
		{6F8CB856-6395-4C9D-8157-3DC3CFBB8DBC}.Release|Any CPU.Build.0 = Release|Any CPU
	EndGlobalSection
	GlobalSection(SolutionProperties) = preSolution
		HideSolutionNode = FALSE
	EndGlobalSection
	GlobalSection(ExtensibilityGlobals) = postSolution
		SolutionGuid = {B7FE6AB6-4110-470A-84CB-123D1C6D5173}
	EndGlobalSection
EndGlobal
